
Microsoft Visual Studio Solution File, Format Version 12.00
# Visual Studio Version 18
VisualStudioVersion = 18.10.12217.157 stable
MinimumVisualStudioVersion = 10.0.40219.1
Project("{9A19103F-16F7-4668-BE54-9A1E7A4F7556}") = "MachinelearningClass", "MachinelearningClass\MachinelearningClass.csproj", "{FC348251-9BE5-4BA9-831D-7750ECD90EC3}"
EndProject
Project("{9A19103F-16F7-4668-BE54-9A1E7A4F7556}") = "GenericEmbeddingAndChatClient", "GenericEmbeddingClient\GenericEmbeddingAndChatClient.csproj", "{4CF3025A-B841-4041-B8CC-D373D4B8C49C}"
EndProject
Project("{9A19103F-16F7-4668-BE54-9A1E7A4F7556}") = "MCPServerStdIO", "MCPServerDotNet\MCPServerStdIO.csproj", "{91E377CA-062D-49DA-879C-5E670700CB90}"
EndProject
Project("{9A19103F-16F7-4668-BE54-9A1E7A4F7556}") = "AzureAIGuardRail", "AzureAIGuardRail\AzureAIGuardRail.csproj", "{C26BF5A3-3811-44CD-9F5D-05846BB1BC92}"
EndProject
Project("{2150E333-8FDC-42A3-9474-1A3956D46DE8}") = "PythonAzureFiles", "PythonAzureFiles", "{9CF9689C-E02C-41BD-89E8-4C9C01F0134A}"
	ProjectSection(SolutionItems) = preProject
		Insurance.py = Insurance.py
		score.py = score.py
	EndProjectSection
EndProject
Project("{FAE04EC0-301F-11D3-BF4B-00C04F79EFBC}") = "InterviewAssistant", "InterviewAssistant\InterviewAssistant.csproj", "{EB7F3039-25FA-45C3-8A0A-BD9089792E5A}"
EndProject
Project("{FAE04EC0-301F-11D3-BF4B-00C04F79EFBC}") = "MCPClient", "MCPClient\MCPClient.csproj", "{185A4F00-F574-5F80-CD98-7F3478D756BB}"
EndProject
Project("{FAE04EC0-301F-11D3-BF4B-00C04F79EFBC}") = "MCPServerHttp", "MCPServerHttp\MCPServerHttp.csproj", "{1A381FF6-D977-42CD-985A-A51D66F7B711}"
EndProject
Project("{FAE04EC0-301F-11D3-BF4B-00C04F79EFBC}") = "MCPServerDotNet", "MCPServerDotNet\MCPServerDotNet.csproj", "{6654C3E9-9465-68A7-3743-E8E08E4EF262}"
EndProject
Global
	GlobalSection(SolutionConfigurationPlatforms) = preSolution
		Debug|Any CPU = Debug|Any CPU
		Release|Any CPU = Release|Any CPU
	EndGlobalSection
	GlobalSection(ProjectConfigurationPlatforms) = postSolution
		{FC348251-9BE5-4BA9-831D-7750ECD90EC3}.Debug|Any CPU.ActiveCfg = Debug|Any CPU
		{FC348251-9BE5-4BA9-831D-7750ECD90EC3}.Debug|Any CPU.Build.0 = Debug|Any CPU
		{FC348251-9BE5-4BA9-831D-7750ECD90EC3}.Release|Any CPU.ActiveCfg = Release|Any CPU
		{FC348251-9BE5-4BA9-831D-7750ECD90EC3}.Release|Any CPU.Build.0 = Release|Any CPU
		{4CF3025A-B841-4041-B8CC-D373D4B8C49C}.Debug|Any CPU.ActiveCfg = Debug|Any CPU
		{4CF3025A-B841-4041-B8CC-D373D4B8C49C}.Debug|Any CPU.Build.0 = Debug|Any CPU
		{4CF3025A-B841-4041-B8CC-D373D4B8C49C}.Release|Any CPU.ActiveCfg = Release|Any CPU
		{4CF3025A-B841-4041-B8CC-D373D4B8C49C}.Release|Any CPU.Build.0 = Release|Any CPU
		{91E377CA-062D-49DA-879C-5E670700CB90}.Debug|Any CPU.ActiveCfg = Debug|Any CPU
		{91E377CA-062D-49DA-879C-5E670700CB90}.Debug|Any CPU.Build.0 = Debug|Any CPU
		{91E377CA-062D-49DA-879C-5E670700CB90}.Release|Any CPU.ActiveCfg = Release|Any CPU
		{91E377CA-062D-49DA-879C-5E670700CB90}.Release|Any CPU.Build.0 = Release|Any CPU
		{C26BF5A3-3811-44CD-9F5D-05846BB1BC92}.Debug|Any CPU.ActiveCfg = Debug|Any CPU
		{C26BF5A3-3811-44CD-9F5D-05846BB1BC92}.Debug|Any CPU.Build.0 = Debug|Any CPU
		{C26BF5A3-3811-44CD-9F5D-05846BB1BC92}.Release|Any CPU.ActiveCfg = Release|Any CPU
		{C26BF5A3-3811-44CD-9F5D-05846BB1BC92}.Release|Any CPU.Build.0 = Release|Any CPU
		{EB7F3039-25FA-45C3-8A0A-BD9089792E5A}.Debug|Any CPU.ActiveCfg = Debug|Any CPU
		{EB7F3039-25FA-45C3-8A0A-BD9089792E5A}.Debug|Any CPU.Build.0 = Debug|Any CPU
		{EB7F3039-25FA-45C3-8A0A-BD9089792E5A}.Release|Any CPU.ActiveCfg = Release|Any CPU
		{EB7F3039-25FA-45C3-8A0A-BD9089792E5A}.Release|Any CPU.Build.0 = Release|Any CPU
		{185A4F00-F574-5F80-CD98-7F3478D756BB}.Debug|Any CPU.ActiveCfg = Debug|Any CPU
		{185A4F00-F574-5F80-CD98-7F3478D756BB}.Debug|Any CPU.Build.0 = Debug|Any CPU
		{185A4F00-F574-5F80-CD98-7F3478D756BB}.Release|Any CPU.ActiveCfg = Release|Any CPU
		{185A4F00-F574-5F80-CD98-7F3478D756BB}.Release|Any CPU.Build.0 = Release|Any CPU
		{1A381FF6-D977-42CD-985A-A51D66F7B711}.Debug|Any CPU.ActiveCfg = Debug|Any CPU
		{1A381FF6-D977-42CD-985A-A51D66F7B711}.Debug|Any CPU.Build.0 = Debug|Any CPU
		{1A381FF6-D977-42CD-985A-A51D66F7B711}.Release|Any CPU.ActiveCfg = Release|Any CPU
		{1A381FF6-D977-42CD-985A-A51D66F7B711}.Release|Any CPU.Build.0 = Release|Any CPU
		{6654C3E9-9465-68A7-3743-E8E08E4EF262}.Debug|Any CPU.ActiveCfg = Debug|Any CPU
		{6654C3E9-9465-68A7-3743-E8E08E4EF262}.Debug|Any CPU.Build.0 = Debug|Any CPU
		{6654C3E9-9465-68A7-3743-E8E08E4EF262}.Release|Any CPU.ActiveCfg = Release|Any CPU
		{6654C3E9-9465-68A7-3743-E8E08E4EF262}.Release|Any CPU.Build.0 = Release|Any CPU
	EndGlobalSection
	GlobalSection(SolutionProperties) = preSolution
		HideSolutionNode = FALSE
	EndGlobalSection
	GlobalSection(ExtensibilityGlobals) = postSolution
		SolutionGuid = {D7893728-2F4C-4D45-A7C6-1BD12BC514C8}
	EndGlobalSection
EndGlobal
